// !$*UTF8*$!
{
	archiveVersion = 1;
	classes = {
	};
	objectVersion = 55;
	objects = {

/* Begin PBXBuildFile section */
		6DE8B6092808714200F053A4 /* PostItAppApp.swift in Sources */ = {isa = PBXBuildFile; fileRef = 6DE8B6082808714200F053A4 /* PostItAppApp.swift */; };
		6DE8B60B2808714200F053A4 /* AddPhotoView.swift in Sources */ = {isa = PBXBuildFile; fileRef = 6DE8B60A2808714200F053A4 /* AddPhotoView.swift */; };
		6DE8B60D2808714400F053A4 /* Assets.xcassets in Resources */ = {isa = PBXBuildFile; fileRef = 6DE8B60C2808714400F053A4 /* Assets.xcassets */; };
		6DE8B6102808714400F053A4 /* Preview Assets.xcassets in Resources */ = {isa = PBXBuildFile; fileRef = 6DE8B60F2808714400F053A4 /* Preview Assets.xcassets */; };
		E78FCA8E2808AA78009A9309 /* CloudKit.framework in Frameworks */ = {isa = PBXBuildFile; fileRef = E78FCA8D2808AA78009A9309 /* CloudKit.framework */; };
		E78FCA902808ADA4009A9309 /* ImagePicker.swift in Sources */ = {isa = PBXBuildFile; fileRef = E78FCA8F2808ADA4009A9309 /* ImagePicker.swift */; };
		E7A230E6280934C600CE0656 /* PhotoModel.swift in Sources */ = {isa = PBXBuildFile; fileRef = E7A230E5280934C600CE0656 /* PhotoModel.swift */; };
		E7A230E92809350D00CE0656 /* AddPhotoModel.swift in Sources */ = {isa = PBXBuildFile; fileRef = E7A230E82809350D00CE0656 /* AddPhotoModel.swift */; };
		E7A230EC2809356300CE0656 /* Photo.swift in Sources */ = {isa = PBXBuildFile; fileRef = E7A230EB2809356300CE0656 /* Photo.swift */; };
		E7A230EF280939D500CE0656 /* AllPhotosView.swift in Sources */ = {isa = PBXBuildFile; fileRef = E7A230EE280939D500CE0656 /* AllPhotosView.swift */; };
		E7A230F128093ACD00CE0656 /* IndividualPhotoView.swift in Sources */ = {isa = PBXBuildFile; fileRef = E7A230F028093ACD00CE0656 /* IndividualPhotoView.swift */; };
		E7A230F32809433B00CE0656 /* TabsView.swift in Sources */ = {isa = PBXBuildFile; fileRef = E7A230F22809433A00CE0656 /* TabsView.swift */; };
		E7A230F52809438800CE0656 /* LeaderboardView.swift in Sources */ = {isa = PBXBuildFile; fileRef = E7A230F42809438800CE0656 /* LeaderboardView.swift */; };
		E7A230F72809F5B200CE0656 /* Leaderboard.swift in Sources */ = {isa = PBXBuildFile; fileRef = E7A230F62809F5B200CE0656 /* Leaderboard.swift */; };
		E7A230F92813390400CE0656 /* UserView.swift in Sources */ = {isa = PBXBuildFile; fileRef = E7A230F82813390300CE0656 /* UserView.swift */; };
		E7E62C602829A04500023BFD /* flower.jpg in Resources */ = {isa = PBXBuildFile; fileRef = E7E62C5D2829A04400023BFD /* flower.jpg */; };
		E7E62C612829A04500023BFD /* rainbow.jpg in Resources */ = {isa = PBXBuildFile; fileRef = E7E62C5E2829A04400023BFD /* rainbow.jpg */; };
		E7E62C622829A04500023BFD /* ship.jpg in Resources */ = {isa = PBXBuildFile; fileRef = E7E62C5F2829A04400023BFD /* ship.jpg */; };
/* End PBXBuildFile section */

/* Begin PBXFileReference section */
		6DE8B6052808714200F053A4 /* PostItApp.app */ = {isa = PBXFileReference; explicitFileType = wrapper.application; includeInIndex = 0; path = PostItApp.app; sourceTree = BUILT_PRODUCTS_DIR; };
		6DE8B6082808714200F053A4 /* PostItAppApp.swift */ = {isa = PBXFileReference; lastKnownFileType = sourcecode.swift; path = PostItAppApp.swift; sourceTree = "<group>"; };
		6DE8B60A2808714200F053A4 /* AddPhotoView.swift */ = {isa = PBXFileReference; lastKnownFileType = sourcecode.swift; path = AddPhotoView.swift; sourceTree = "<group>"; };
		6DE8B60C2808714400F053A4 /* Assets.xcassets */ = {isa = PBXFileReference; lastKnownFileType = folder.assetcatalog; path = Assets.xcassets; sourceTree = "<group>"; };
		6DE8B60F2808714400F053A4 /* Preview Assets.xcassets */ = {isa = PBXFileReference; lastKnownFileType = folder.assetcatalog; path = "Preview Assets.xcassets"; sourceTree = "<group>"; };
		E78FCA8B2808AA75009A9309 /* PostItApp.entitlements */ = {isa = PBXFileReference; lastKnownFileType = text.plist.entitlements; path = PostItApp.entitlements; sourceTree = "<group>"; };
		E78FCA8D2808AA78009A9309 /* CloudKit.framework */ = {isa = PBXFileReference; lastKnownFileType = wrapper.framework; name = CloudKit.framework; path = System/Library/Frameworks/CloudKit.framework; sourceTree = SDKROOT; };
		E78FCA8F2808ADA4009A9309 /* ImagePicker.swift */ = {isa = PBXFileReference; lastKnownFileType = sourcecode.swift; path = ImagePicker.swift; sourceTree = "<group>"; };
		E7A230E5280934C600CE0656 /* PhotoModel.swift */ = {isa = PBXFileReference; lastKnownFileType = sourcecode.swift; path = PhotoModel.swift; sourceTree = "<group>"; };
		E7A230E82809350D00CE0656 /* AddPhotoModel.swift */ = {isa = PBXFileReference; lastKnownFileType = sourcecode.swift; path = AddPhotoModel.swift; sourceTree = "<group>"; };
		E7A230EB2809356300CE0656 /* Photo.swift */ = {isa = PBXFileReference; lastKnownFileType = sourcecode.swift; path = Photo.swift; sourceTree = "<group>"; };
		E7A230EE280939D500CE0656 /* AllPhotosView.swift */ = {isa = PBXFileReference; lastKnownFileType = sourcecode.swift; path = AllPhotosView.swift; sourceTree = "<group>"; };
		E7A230F028093ACD00CE0656 /* IndividualPhotoView.swift */ = {isa = PBXFileReference; lastKnownFileType = sourcecode.swift; path = IndividualPhotoView.swift; sourceTree = "<group>"; };
		E7A230F22809433A00CE0656 /* TabsView.swift */ = {isa = PBXFileReference; lastKnownFileType = sourcecode.swift; path = TabsView.swift; sourceTree = "<group>"; };
		E7A230F42809438800CE0656 /* LeaderboardView.swift */ = {isa = PBXFileReference; lastKnownFileType = sourcecode.swift; path = LeaderboardView.swift; sourceTree = "<group>"; };
		E7A230F62809F5B200CE0656 /* Leaderboard.swift */ = {isa = PBXFileReference; lastKnownFileType = sourcecode.swift; path = Leaderboard.swift; sourceTree = "<group>"; };
		E7A230F82813390300CE0656 /* UserView.swift */ = {isa = PBXFileReference; lastKnownFileType = sourcecode.swift; path = UserView.swift; sourceTree = "<group>"; };
		E7E62C5D2829A04400023BFD /* flower.jpg */ = {isa = PBXFileReference; lastKnownFileType = image.jpeg; name = flower.jpg; path = ../../../../Downloads/flower.jpg; sourceTree = "<group>"; };
		E7E62C5E2829A04400023BFD /* rainbow.jpg */ = {isa = PBXFileReference; lastKnownFileType = image.jpeg; name = rainbow.jpg; path = ../../../../Downloads/rainbow.jpg; sourceTree = "<group>"; };
		E7E62C5F2829A04400023BFD /* ship.jpg */ = {isa = PBXFileReference; lastKnownFileType = image.jpeg; name = ship.jpg; path = ../../../../Downloads/ship.jpg; sourceTree = "<group>"; };
/* End PBXFileReference section */

/* Begin PBXFrameworksBuildPhase section */
		6DE8B6022808714200F053A4 /* Frameworks */ = {
			isa = PBXFrameworksBuildPhase;
			buildActionMask = 2147483647;
			files = (
				E78FCA8E2808AA78009A9309 /* CloudKit.framework in Frameworks */,
			);
			runOnlyForDeploymentPostprocessing = 0;
		};
/* End PBXFrameworksBuildPhase section */

/* Begin PBXGroup section */
		6DE8B5FC2808714200F053A4 = {
			isa = PBXGroup;
			children = (
				6DE8B6072808714200F053A4 /* PostItApp */,
				6DE8B6062808714200F053A4 /* Products */,
				E78FCA8C2808AA78009A9309 /* Frameworks */,
			);
			sourceTree = "<group>";
		};
		6DE8B6062808714200F053A4 /* Products */ = {
			isa = PBXGroup;
			children = (
				6DE8B6052808714200F053A4 /* PostItApp.app */,
			);
			name = Products;
			sourceTree = "<group>";
		};
		6DE8B6072808714200F053A4 /* PostItApp */ = {
			isa = PBXGroup;
			children = (
				E78FCA8B2808AA75009A9309 /* PostItApp.entitlements */,
				6DE8B6082808714200F053A4 /* PostItAppApp.swift */,
				E7A230ED280939BC00CE0656 /* View */,
				E7A230E7280934E800CE0656 /* ViewModel */,
				E7A230EA2809355600CE0656 /* Model */,
				E78FCA8F2808ADA4009A9309 /* ImagePicker.swift */,
				6DE8B60C2808714400F053A4 /* Assets.xcassets */,
				E7E62C5D2829A04400023BFD /* flower.jpg */,
				E7E62C5E2829A04400023BFD /* rainbow.jpg */,
				E7E62C5F2829A04400023BFD /* ship.jpg */,
				6DE8B60E2808714400F053A4 /* Preview Content */,
			);
			path = PostItApp;
			sourceTree = "<group>";
		};
		6DE8B60E2808714400F053A4 /* Preview Content */ = {
			isa = PBXGroup;
			children = (
				6DE8B60F2808714400F053A4 /* Preview Assets.xcassets */,
			);
			path = "Preview Content";
			sourceTree = "<group>";
		};
		E78FCA8C2808AA78009A9309 /* Frameworks */ = {
			isa = PBXGroup;
			children = (
				E78FCA8D2808AA78009A9309 /* CloudKit.framework */,
			);
			name = Frameworks;
			sourceTree = "<group>";
		};
		E7A230E7280934E800CE0656 /* ViewModel */ = {
			isa = PBXGroup;
			children = (
				E7A230E5280934C600CE0656 /* PhotoModel.swift */,
				E7A230E82809350D00CE0656 /* AddPhotoModel.swift */,
			);
			path = ViewModel;
			sourceTree = "<group>";
		};
		E7A230EA2809355600CE0656 /* Model */ = {
			isa = PBXGroup;
			children = (
				E7A230EB2809356300CE0656 /* Photo.swift */,
				E7A230F62809F5B200CE0656 /* Leaderboard.swift */,
			);
			path = Model;
			sourceTree = "<group>";
		};
		E7A230ED280939BC00CE0656 /* View */ = {
			isa = PBXGroup;
			children = (
				E7A230F22809433A00CE0656 /* TabsView.swift */,
				E7A230EE280939D500CE0656 /* AllPhotosView.swift */,
				E7A230F028093ACD00CE0656 /* IndividualPhotoView.swift */,
				6DE8B60A2808714200F053A4 /* AddPhotoView.swift */,
				E7A230F42809438800CE0656 /* LeaderboardView.swift */,
				E7A230F82813390300CE0656 /* UserView.swift */,
			);
			path = View;
			sourceTree = "<group>";
		};
/* End PBXGroup section */

/* Begin PBXNativeTarget section */
		6DE8B6042808714200F053A4 /* PostItApp */ = {
			isa = PBXNativeTarget;
			buildConfigurationList = 6DE8B6132808714400F053A4 /* Build configuration list for PBXNativeTarget "PostItApp" */;
			buildPhases = (
				6DE8B6012808714200F053A4 /* Sources */,
				6DE8B6022808714200F053A4 /* Frameworks */,
				6DE8B6032808714200F053A4 /* Resources */,
			);
			buildRules = (
			);
			dependencies = (
			);
			name = PostItApp;
			productName = PostItApp;
			productReference = 6DE8B6052808714200F053A4 /* PostItApp.app */;
			productType = "com.apple.product-type.application";
		};
/* End PBXNativeTarget section */

/* Begin PBXProject section */
		6DE8B5FD2808714200F053A4 /* Project object */ = {
			isa = PBXProject;
			attributes = {
				BuildIndependentTargetsInParallel = 1;
				LastSwiftUpdateCheck = 1330;
				LastUpgradeCheck = 1330;
				TargetAttributes = {
					6DE8B6042808714200F053A4 = {
						CreatedOnToolsVersion = 13.3;
					};
				};
			};
			buildConfigurationList = 6DE8B6002808714200F053A4 /* Build configuration list for PBXProject "PostItApp" */;
			compatibilityVersion = "Xcode 13.0";
			developmentRegion = en;
			hasScannedForEncodings = 0;
			knownRegions = (
				en,
				Base,
			);
			mainGroup = 6DE8B5FC2808714200F053A4;
			productRefGroup = 6DE8B6062808714200F053A4 /* Products */;
			projectDirPath = "";
			projectRoot = "";
			targets = (
				6DE8B6042808714200F053A4 /* PostItApp */,
			);
		};
/* End PBXProject section */

/* Begin PBXResourcesBuildPhase section */
		6DE8B6032808714200F053A4 /* Resources */ = {
			isa = PBXResourcesBuildPhase;
			buildActionMask = 2147483647;
			files = (
				E7E62C612829A04500023BFD /* rainbow.jpg in Resources */,
				E7E62C622829A04500023BFD /* ship.jpg in Resources */,
				6DE8B6102808714400F053A4 /* Preview Assets.xcassets in Resources */,
				6DE8B60D2808714400F053A4 /* Assets.xcassets in Resources */,
				E7E62C602829A04500023BFD /* flower.jpg in Resources */,
			);
			runOnlyForDeploymentPostprocessing = 0;
		};
/* End PBXResourcesBuildPhase section */

/* Begin PBXSourcesBuildPhase section */
		6DE8B6012808714200F053A4 /* Sources */ = {
			isa = PBXSourcesBuildPhase;
			buildActionMask = 2147483647;
			files = (
				E7A230F52809438800CE0656 /* LeaderboardView.swift in Sources */,
				E7A230EC2809356300CE0656 /* Photo.swift in Sources */,
				E7A230F72809F5B200CE0656 /* Leaderboard.swift in Sources */,
				E78FCA902808ADA4009A9309 /* ImagePicker.swift in Sources */,
				E7A230F128093ACD00CE0656 /* IndividualPhotoView.swift in Sources */,
				6DE8B60B2808714200F053A4 /* AddPhotoView.swift in Sources */,
				E7A230EF280939D500CE0656 /* AllPhotosView.swift in Sources */,
				E7A230F92813390400CE0656 /* UserView.swift in Sources */,
				6DE8B6092808714200F053A4 /* PostItAppApp.swift in Sources */,
				E7A230E92809350D00CE0656 /* AddPhotoModel.swift in Sources */,
				E7A230F32809433B00CE0656 /* TabsView.swift in Sources */,
				E7A230E6280934C600CE0656 /* PhotoModel.swift in Sources */,
			);
			runOnlyForDeploymentPostprocessing = 0;
		};
/* End PBXSourcesBuildPhase section */

/* Begin XCBuildConfiguration section */
		6DE8B6112808714400F053A4 /* Debug */ = {
			isa = XCBuildConfiguration;
			buildSettings = {
				ALWAYS_SEARCH_USER_PATHS = NO;
				CLANG_ANALYZER_NONNULL = YES;
				CLANG_ANALYZER_NUMBER_OBJECT_CONVERSION = YES_AGGRESSIVE;
				CLANG_CXX_LANGUAGE_STANDARD = "gnu++17";
				CLANG_ENABLE_MODULES = YES;
				CLANG_ENABLE_OBJC_ARC = YES;
				CLANG_ENABLE_OBJC_WEAK = YES;
				CLANG_WARN_BLOCK_CAPTURE_AUTORELEASING = YES;
				CLANG_WARN_BOOL_CONVERSION = YES;
				CLANG_WARN_COMMA = YES;
				CLANG_WARN_CONSTANT_CONVERSION = YES;
				CLANG_WARN_DEPRECATED_OBJC_IMPLEMENTATIONS = YES;
				CLANG_WARN_DIRECT_OBJC_ISA_USAGE = YES_ERROR;
				CLANG_WARN_DOCUMENTATION_COMMENTS = YES;
				CLANG_WARN_EMPTY_BODY = YES;
				CLANG_WARN_ENUM_CONVERSION = YES;
				CLANG_WARN_INFINITE_RECURSION = YES;
				CLANG_WARN_INT_CONVERSION = YES;
				CLANG_WARN_NON_LITERAL_NULL_CONVERSION = YES;
				CLANG_WARN_OBJC_IMPLICIT_RETAIN_SELF = YES;
				CLANG_WARN_OBJC_LITERAL_CONVERSION = YES;
				CLANG_WARN_OBJC_ROOT_CLASS = YES_ERROR;
				CLANG_WARN_QUOTED_INCLUDE_IN_FRAMEWORK_HEADER = YES;
				CLANG_WARN_RANGE_LOOP_ANALYSIS = YES;
				CLANG_WARN_STRICT_PROTOTYPES = YES;
				CLANG_WARN_SUSPICIOUS_MOVE = YES;
				CLANG_WARN_UNGUARDED_AVAILABILITY = YES_AGGRESSIVE;
				CLANG_WARN_UNREACHABLE_CODE = YES;
				CLANG_WARN__DUPLICATE_METHOD_MATCH = YES;
				COPY_PHASE_STRIP = NO;
				DEBUG_INFORMATION_FORMAT = dwarf;
				ENABLE_STRICT_OBJC_MSGSEND = YES;
				ENABLE_TESTABILITY = YES;
				GCC_C_LANGUAGE_STANDARD = gnu11;
				GCC_DYNAMIC_NO_PIC = NO;
				GCC_NO_COMMON_BLOCKS = YES;
				GCC_OPTIMIZATION_LEVEL = 0;
				GCC_PREPROCESSOR_DEFINITIONS = (
					"DEBUG=1",
					"$(inherited)",
				);
				GCC_WARN_64_TO_32_BIT_CONVERSION = YES;
				GCC_WARN_ABOUT_RETURN_TYPE = YES_ERROR;
				GCC_WARN_UNDECLARED_SELECTOR = YES;
				GCC_WARN_UNINITIALIZED_AUTOS = YES_AGGRESSIVE;
				GCC_WARN_UNUSED_FUNCTION = YES;
				GCC_WARN_UNUSED_VARIABLE = YES;
				IPHONEOS_DEPLOYMENT_TARGET = 15.4;
				MTL_ENABLE_DEBUG_INFO = INCLUDE_SOURCE;
				MTL_FAST_MATH = YES;
				ONLY_ACTIVE_ARCH = YES;
				SDKROOT = iphoneos;
				SWIFT_ACTIVE_COMPILATION_CONDITIONS = DEBUG;
				SWIFT_OPTIMIZATION_LEVEL = "-Onone";
			};
			name = Debug;
		};
		6DE8B6122808714400F053A4 /* Release */ = {
			isa = XCBuildConfiguration;
			buildSettings = {
				ALWAYS_SEARCH_USER_PATHS = NO;
				CLANG_ANALYZER_NONNULL = YES;
				CLANG_ANALYZER_NUMBER_OBJECT_CONVERSION = YES_AGGRESSIVE;
				CLANG_CXX_LANGUAGE_STANDARD = "gnu++17";
				CLANG_ENABLE_MODULES = YES;
				CLANG_ENABLE_OBJC_ARC = YES;
				CLANG_ENABLE_OBJC_WEAK = YES;
				CLANG_WARN_BLOCK_CAPTURE_AUTORELEASING = YES;
				CLANG_WARN_BOOL_CONVERSION = YES;
				CLANG_WARN_COMMA = YES;
				CLANG_WARN_CONSTANT_CONVERSION = YES;
				CLANG_WARN_DEPRECATED_OBJC_IMPLEMENTATIONS = YES;
				CLANG_WARN_DIRECT_OBJC_ISA_USAGE = YES_ERROR;
				CLANG_WARN_DOCUMENTATION_COMMENTS = YES;
				CLANG_WARN_EMPTY_BODY = YES;
				CLANG_WARN_ENUM_CONVERSION = YES;
				CLANG_WARN_INFINITE_RECURSION = YES;
				CLANG_WARN_INT_CONVERSION = YES;
				CLANG_WARN_NON_LITERAL_NULL_CONVERSION = YES;
				CLANG_WARN_OBJC_IMPLICIT_RETAIN_SELF = YES;
				CLANG_WARN_OBJC_LITERAL_CONVERSION = YES;
				CLANG_WARN_OBJC_ROOT_CLASS = YES_ERROR;
				CLANG_WARN_QUOTED_INCLUDE_IN_FRAMEWORK_HEADER = YES;
				CLANG_WARN_RANGE_LOOP_ANALYSIS = YES;
				CLANG_WARN_STRICT_PROTOTYPES = YES;
				CLANG_WARN_SUSPICIOUS_MOVE = YES;
				CLANG_WARN_UNGUARDED_AVAILABILITY = YES_AGGRESSIVE;
				CLANG_WARN_UNREACHABLE_CODE = YES;
				CLANG_WARN__DUPLICATE_METHOD_MATCH = YES;
				COPY_PHASE_STRIP = NO;
				DEBUG_INFORMATION_FORMAT = "dwarf-with-dsym";
				ENABLE_NS_ASSERTIONS = NO;
				ENABLE_STRICT_OBJC_MSGSEND = YES;
				GCC_C_LANGUAGE_STANDARD = gnu11;
				GCC_NO_COMMON_BLOCKS = YES;
				GCC_WARN_64_TO_32_BIT_CONVERSION = YES;
				GCC_WARN_ABOUT_RETURN_TYPE = YES_ERROR;
				GCC_WARN_UNDECLARED_SELECTOR = YES;
				GCC_WARN_UNINITIALIZED_AUTOS = YES_AGGRESSIVE;
				GCC_WARN_UNUSED_FUNCTION = YES;
				GCC_WARN_UNUSED_VARIABLE = YES;
				IPHONEOS_DEPLOYMENT_TARGET = 15.4;
				MTL_ENABLE_DEBUG_INFO = NO;
				MTL_FAST_MATH = YES;
				SDKROOT = iphoneos;
				SWIFT_COMPILATION_MODE = wholemodule;
				SWIFT_OPTIMIZATION_LEVEL = "-O";
				VALIDATE_PRODUCT = YES;
			};
			name = Release;
		};
		6DE8B6142808714400F053A4 /* Debug */ = {
			isa = XCBuildConfiguration;
			buildSettings = {
				ASSETCATALOG_COMPILER_APPICON_NAME = AppIcon;
				ASSETCATALOG_COMPILER_GLOBAL_ACCENT_COLOR_NAME = AccentColor;
				CODE_SIGN_ENTITLEMENTS = PostItApp/PostItApp.entitlements;
				CODE_SIGN_STYLE = Automatic;
				CURRENT_PROJECT_VERSION = 1;
				DEVELOPMENT_ASSET_PATHS = "\"PostItApp/Preview Content\"";
				DEVELOPMENT_TEAM = 883DK65VTV;
				ENABLE_PREVIEWS = YES;
				GENERATE_INFOPLIST_FILE = YES;
				INFOPLIST_KEY_NSCameraUsageDescription = "Allow Access to Camera";
				INFOPLIST_KEY_UIApplicationSceneManifest_Generation = YES;
				INFOPLIST_KEY_UIApplicationSupportsIndirectInputEvents = YES;
				INFOPLIST_KEY_UILaunchScreen_Generation = YES;
				INFOPLIST_KEY_UISupportedInterfaceOrientations = UIInterfaceOrientationPortrait;
				INFOPLIST_KEY_UISupportedInterfaceOrientations_iPad = "UIInterfaceOrientationPortrait UIInterfaceOrientationPortraitUpsideDown UIInterfaceOrientationLandscapeLeft UIInterfaceOrientationLandscapeRight";
				INFOPLIST_KEY_UISupportedInterfaceOrientations_iPhone = "UIInterfaceOrientationPortrait UIInterfaceOrientationLandscapeLeft UIInterfaceOrientationLandscapeRight";
				IPHONEOS_DEPLOYMENT_TARGET = 15.0;
				LD_RUNPATH_SEARCH_PATHS = (
					"$(inherited)",
					"@executable_path/Frameworks",
				);
				MARKETING_VERSION = 1.0;
				PRODUCT_BUNDLE_IDENTIFIER = ephs2022.postit;
				PRODUCT_NAME = "$(TARGET_NAME)";
				SWIFT_EMIT_LOC_STRINGS = YES;
				SWIFT_VERSION = 5.0;
				TARGETED_DEVICE_FAMILY = 1;
			};
			name = Debug;
		};
		6DE8B6152808714400F053A4 /* Release */ = {
			isa = XCBuildConfiguration;
			buildSettings = {
				ASSETCATALOG_COMPILER_APPICON_NAME = AppIcon;
				ASSETCATALOG_COMPILER_GLOBAL_ACCENT_COLOR_NAME = AccentColor;
				CODE_SIGN_ENTITLEMENTS = PostItApp/PostItApp.entitlements;
				CODE_SIGN_STYLE = Automatic;
				CURRENT_PROJECT_VERSION = 1;
				DEVELOPMENT_ASSET_PATHS = "\"PostItApp/Preview Content\"";
				DEVELOPMENT_TEAM = 883DK65VTV;
				ENABLE_PREVIEWS = YES;
				GENERATE_INFOPLIST_FILE = YES;
				INFOPLIST_KEY_NSCameraUsageDescription = "Allow Access to Camera";
				INFOPLIST_KEY_UIApplicationSceneManifest_Generation = YES;
				INFOPLIST_KEY_UIApplicationSupportsIndirectInputEvents = YES;
				INFOPLIST_KEY_UILaunchScreen_Generation = YES;
				INFOPLIST_KEY_UISupportedInterfaceOrientations = UIInterfaceOrientationPortrait;
				INFOPLIST_KEY_UISupportedInterfaceOrientations_iPad = "UIInterfaceOrientationPortrait UIInterfaceOrientationPortraitUpsideDown UIInterfaceOrientationLandscapeLeft UIInterfaceOrientationLandscapeRight";
				INFOPLIST_KEY_UISupportedInterfaceOrientations_iPhone = "UIInterfaceOrientationPortrait UIInterfaceOrientationLandscapeLeft UIInterfaceOrientationLandscapeRight";
				IPHONEOS_DEPLOYMENT_TARGET = 15.0;
				LD_RUNPATH_SEARCH_PATHS = (
					"$(inherited)",
					"@executable_path/Frameworks",
				);
				MARKETING_VERSION = 1.0;
				PRODUCT_BUNDLE_IDENTIFIER = ephs2022.postit;
				PRODUCT_NAME = "$(TARGET_NAME)";
				SWIFT_EMIT_LOC_STRINGS = YES;
				SWIFT_VERSION = 5.0;
				TARGETED_DEVICE_FAMILY = 1;
			};
			name = Release;
		};
/* End XCBuildConfiguration section */

/* Begin XCConfigurationList section */
		6DE8B6002808714200F053A4 /* Build configuration list for PBXProject "PostItApp" */ = {
			isa = XCConfigurationList;
			buildConfigurations = (
				6DE8B6112808714400F053A4 /* Debug */,
				6DE8B6122808714400F053A4 /* Release */,
			);
			defaultConfigurationIsVisible = 0;
			defaultConfigurationName = Release;
		};
		6DE8B6132808714400F053A4 /* Build configuration list for PBXNativeTarget "PostItApp" */ = {
			isa = XCConfigurationList;
			buildConfigurations = (
				6DE8B6142808714400F053A4 /* Debug */,
				6DE8B6152808714400F053A4 /* Release */,
			);
			defaultConfigurationIsVisible = 0;
			defaultConfigurationName = Release;
		};
/* End XCConfigurationList section */
	};
	rootObject = 6DE8B5FD2808714200F053A4 /* Project object */;
}
